
Microsoft Visual Studio Solution File, Format Version 12.00
# Visual Studio Version 17
VisualStudioVersion = 17.14.36105.17 d17.14
MinimumVisualStudioVersion = 10.0.40219.1
Project("{FAE04EC0-301F-11D3-BF4B-00C04F79EFBC}") = "projectmanagementtoolProject", "projectmanagementtoolProject\projectmanagementtoolProject.csproj", "{3FE1A763-5F2C-44B9-A5E2-63B3771EB7BC}"
EndProject
Global
	GlobalSection(SolutionConfigurationPlatforms) = preSolution
		Debug|Any CPU = Debug|Any CPU
		Release|Any CPU = Release|Any CPU
	EndGlobalSection
	GlobalSection(ProjectConfigurationPlatforms) = postSolution
		{3FE1A763-5F2C-44B9-A5E2-63B3771EB7BC}.Debug|Any CPU.ActiveCfg = Debug|Any CPU
		{3FE1A763-5F2C-44B9-A5E2-63B3771EB7BC}.Debug|Any CPU.Build.0 = Debug|Any CPU
		{3FE1A763-5F2C-44B9-A5E2-63B3771EB7BC}.Release|Any CPU.ActiveCfg = Release|Any CPU
		{3FE1A763-5F2C-44B9-A5E2-63B3771EB7BC}.Release|Any CPU.Build.0 = Release|Any CPU
	EndGlobalSection
	GlobalSection(SolutionProperties) = preSolution
		HideSolutionNode = FALSE
	EndGlobalSection
	GlobalSection(ExtensibilityGlobals) = postSolution
		SolutionGuid = {AAB25F31-6F48-4C0F-BCDB-B688C0EE14F0}
	EndGlobalSection
EndGlobal
